
Microsoft Visual Studio Solution File, Format Version 12.00
# Visual Studio Version 16
VisualStudioVersion = 16.0.30320.27
MinimumVisualStudioVersion = 10.0.40219.1
Project("{FAE04EC0-301F-11D3-BF4B-00C04F79EFBC}") = "Asp-HostedBlazor_Test2.Server", "Asp-HostedBlazor_Test2\Server\Asp-HostedBlazor_Test2.Server.csproj", "{10A4C874-C631-445D-98EE-C4EF99665B55}"
EndProject
Project("{FAE04EC0-301F-11D3-BF4B-00C04F79EFBC}") = "Asp-HostedBlazor_Test2.Client", "Asp-HostedBlazor_Test2\Client\Asp-HostedBlazor_Test2.Client.csproj", "{C2F37335-C7A1-46A1-AE0C-980015A39394}"
EndProject
Project("{FAE04EC0-301F-11D3-BF4B-00C04F79EFBC}") = "Asp-HostedBlazor_Test2.Shared", "Asp-HostedBlazor_Test2\Shared\Asp-HostedBlazor_Test2.Shared.csproj", "{709F177B-3370-4FC5-9E85-574DF16F5244}"
EndProject
Global
	GlobalSection(SolutionConfigurationPlatforms) = preSolution
		Debug|Any CPU = Debug|Any CPU
		Release|Any CPU = Release|Any CPU
	EndGlobalSection
	GlobalSection(ProjectConfigurationPlatforms) = postSolution
		{10A4C874-C631-445D-98EE-C4EF99665B55}.Debug|Any CPU.ActiveCfg = Debug|Any CPU
		{10A4C874-C631-445D-98EE-C4EF99665B55}.Debug|Any CPU.Build.0 = Debug|Any CPU
		{10A4C874-C631-445D-98EE-C4EF99665B55}.Release|Any CPU.ActiveCfg = Release|Any CPU
		{10A4C874-C631-445D-98EE-C4EF99665B55}.Release|Any CPU.Build.0 = Release|Any CPU
		{C2F37335-C7A1-46A1-AE0C-980015A39394}.Debug|Any CPU.ActiveCfg = Debug|Any CPU
		{C2F37335-C7A1-46A1-AE0C-980015A39394}.Debug|Any CPU.Build.0 = Debug|Any CPU
		{C2F37335-C7A1-46A1-AE0C-980015A39394}.Release|Any CPU.ActiveCfg = Release|Any CPU
		{C2F37335-C7A1-46A1-AE0C-980015A39394}.Release|Any CPU.Build.0 = Release|Any CPU
		{709F177B-3370-4FC5-9E85-574DF16F5244}.Debug|Any CPU.ActiveCfg = Debug|Any CPU
		{709F177B-3370-4FC5-9E85-574DF16F5244}.Debug|Any CPU.Build.0 = Debug|Any CPU
		{709F177B-3370-4FC5-9E85-574DF16F5244}.Release|Any CPU.ActiveCfg = Release|Any CPU
		{709F177B-3370-4FC5-9E85-574DF16F5244}.Release|Any CPU.Build.0 = Release|Any CPU
	EndGlobalSection
	GlobalSection(SolutionProperties) = preSolution
		HideSolutionNode = FALSE
	EndGlobalSection
	GlobalSection(ExtensibilityGlobals) = postSolution
		SolutionGuid = {A36AD9FB-AFCE-4FB5-8185-D1A74839C2E3}
	EndGlobalSection
EndGlobal
